
Microsoft Visual Studio Solution File, Format Version 12.00
# Visual Studio Version 16
VisualStudioVersion = 16.0.29709.97
MinimumVisualStudioVersion = 10.0.40219.1
Project("{888888A0-9F3D-457C-B088-3A5042F75D52}") = "MovieRecommenderSystem", "MovieRecommenderSystem.pyproj", "{47F805A5-0EB8-4484-BC16-3C9F65C9422D}"
EndProject
Global
	GlobalSection(SolutionConfigurationPlatforms) = preSolution
		Debug|Any CPU = Debug|Any CPU
		Release|Any CPU = Release|Any CPU
	EndGlobalSection
	GlobalSection(ProjectConfigurationPlatforms) = postSolution
		{47F805A5-0EB8-4484-BC16-3C9F65C9422D}.Debug|Any CPU.ActiveCfg = Debug|Any CPU
		{47F805A5-0EB8-4484-BC16-3C9F65C9422D}.Release|Any CPU.ActiveCfg = Release|Any CPU
	EndGlobalSection
	GlobalSection(SolutionProperties) = preSolution
		HideSolutionNode = FALSE
	EndGlobalSection
	GlobalSection(ExtensibilityGlobals) = postSolution
		SolutionGuid = {BF2650A9-97C4-4906-ABCB-C91DC9AC6E11}
	EndGlobalSection
EndGlobal
